
Microsoft Visual Studio Solution File, Format Version 12.00
# Visual Studio Version 16
VisualStudioVersion = 16.0.30309.148
MinimumVisualStudioVersion = 10.0.40219.1
Project("{FAE04EC0-301F-11D3-BF4B-00C04F79EFBC}") = "Sait", "Sait\Sait.csproj", "{F23082BB-C44D-42A9-9E55-136E89542F0C}"
EndProject
Global
	GlobalSection(SolutionConfigurationPlatforms) = preSolution
		Debug|Any CPU = Debug|Any CPU
		Release|Any CPU = Release|Any CPU
	EndGlobalSection
	GlobalSection(ProjectConfigurationPlatforms) = postSolution
		{F23082BB-C44D-42A9-9E55-136E89542F0C}.Debug|Any CPU.ActiveCfg = Debug|Any CPU
		{F23082BB-C44D-42A9-9E55-136E89542F0C}.Debug|Any CPU.Build.0 = Debug|Any CPU
		{F23082BB-C44D-42A9-9E55-136E89542F0C}.Release|Any CPU.ActiveCfg = Release|Any CPU
		{F23082BB-C44D-42A9-9E55-136E89542F0C}.Release|Any CPU.Build.0 = Release|Any CPU
	EndGlobalSection
	GlobalSection(SolutionProperties) = preSolution
		HideSolutionNode = FALSE
	EndGlobalSection
	GlobalSection(ExtensibilityGlobals) = postSolution
		SolutionGuid = {59404E75-854F-4F44-95CB-CD52C098C3D2}
	EndGlobalSection
EndGlobal
